// !$*UTF8*$!
{
	archiveVersion = 1;
	classes = {
	};
	objectVersion = 46;
	objects = {

/* Begin PBXBuildFile section */
		C6181CF119FCBD0B0088FBBC /* find_ptr.h in CopyFiles */ = {isa = PBXBuildFile; fileRef = C6D4FD7519FCBC94001F7E01 /* find_ptr.h */; };
		C6181CF219FCBD0B0088FBBC /* per_expand_data.h in CopyFiles */ = {isa = PBXBuildFile; fileRef = C6D4FD7619FCBC94001F7E01 /* per_expand_data.h */; };
		C6181CF319FCBD0B0088FBBC /* str_ref.h in CopyFiles */ = {isa = PBXBuildFile; fileRef = C6D4FD7719FCBC94001F7E01 /* str_ref.h */; };
		C6181CF419FCBD0B0088FBBC /* template.h in CopyFiles */ = {isa = PBXBuildFile; fileRef = C6D4FD7819FCBC94001F7E01 /* template.h */; };
		C6181CF519FCBD0B0088FBBC /* template_annotator.h in CopyFiles */ = {isa = PBXBuildFile; fileRef = C6D4FD7919FCBC94001F7E01 /* template_annotator.h */; };
		C6181CF619FCBD0B0088FBBC /* template_cache.h in CopyFiles */ = {isa = PBXBuildFile; fileRef = C6D4FD7A19FCBC94001F7E01 /* template_cache.h */; };
		C6181CF719FCBD0B0088FBBC /* template_dictionary.h in CopyFiles */ = {isa = PBXBuildFile; fileRef = C6D4FD7B19FCBC94001F7E01 /* template_dictionary.h */; };
		C6181CF819FCBD0B0088FBBC /* template_dictionary_interface.h in CopyFiles */ = {isa = PBXBuildFile; fileRef = C6D4FD7C19FCBC94001F7E01 /* template_dictionary_interface.h */; };
		C6181CF919FCBD0B0088FBBC /* template_emitter.h in CopyFiles */ = {isa = PBXBuildFile; fileRef = C6D4FD7D19FCBC94001F7E01 /* template_emitter.h */; };
		C6181CFA19FCBD0B0088FBBC /* template_enums.h in CopyFiles */ = {isa = PBXBuildFile; fileRef = C6D4FD7E19FCBC94001F7E01 /* template_enums.h */; };
		C6181CFB19FCBD0B0088FBBC /* template_modifiers.h in CopyFiles */ = {isa = PBXBuildFile; fileRef = C6D4FD7F19FCBC94001F7E01 /* template_modifiers.h */; };
		C6181CFC19FCBD0B0088FBBC /* template_namelist.h in CopyFiles */ = {isa = PBXBuildFile; fileRef = C6D4FD8019FCBC94001F7E01 /* template_namelist.h */; };
		C6181CFD19FCBD0B0088FBBC /* template_pathops.h in CopyFiles */ = {isa = PBXBuildFile; fileRef = C6D4FD8119FCBC94001F7E01 /* template_pathops.h */; };
		C6181CFE19FCBD0B0088FBBC /* template_string.h in CopyFiles */ = {isa = PBXBuildFile; fileRef = C6D4FD8219FCBC94001F7E01 /* template_string.h */; };
		C6181D0119FCBD1F0088FBBC /* find_ptr.h in CopyFiles */ = {isa = PBXBuildFile; fileRef = C6D4FD7519FCBC94001F7E01 /* find_ptr.h */; };
		C6181D0219FCBD1F0088FBBC /* per_expand_data.h in CopyFiles */ = {isa = PBXBuildFile; fileRef = C6D4FD7619FCBC94001F7E01 /* per_expand_data.h */; };
		C6181D0319FCBD1F0088FBBC /* str_ref.h in CopyFiles */ = {isa = PBXBuildFile; fileRef = C6D4FD7719FCBC94001F7E01 /* str_ref.h */; };
		C6181D0419FCBD1F0088FBBC /* template.h in CopyFiles */ = {isa = PBXBuildFile; fileRef = C6D4FD7819FCBC94001F7E01 /* template.h */; };
		C6181D0519FCBD1F0088FBBC /* template_annotator.h in CopyFiles */ = {isa = PBXBuildFile; fileRef = C6D4FD7919FCBC94001F7E01 /* template_annotator.h */; };
		C6181D0619FCBD1F0088FBBC /* template_cache.h in CopyFiles */ = {isa = PBXBuildFile; fileRef = C6D4FD7A19FCBC94001F7E01 /* template_cache.h */; };
		C6181D0719FCBD1F0088FBBC /* template_dictionary.h in CopyFiles */ = {isa = PBXBuildFile; fileRef = C6D4FD7B19FCBC94001F7E01 /* template_dictionary.h */; };
		C6181D0819FCBD1F0088FBBC /* template_dictionary_interface.h in CopyFiles */ = {isa = PBXBuildFile; fileRef = C6D4FD7C19FCBC94001F7E01 /* template_dictionary_interface.h */; };
		C6181D0919FCBD1F0088FBBC /* template_emitter.h in CopyFiles */ = {isa = PBXBuildFile; fileRef = C6D4FD7D19FCBC94001F7E01 /* template_emitter.h */; };
		C6181D0A19FCBD1F0088FBBC /* template_enums.h in CopyFiles */ = {isa = PBXBuildFile; fileRef = C6D4FD7E19FCBC94001F7E01 /* template_enums.h */; };
		C6181D0B19FCBD1F0088FBBC /* template_modifiers.h in CopyFiles */ = {isa = PBXBuildFile; fileRef = C6D4FD7F19FCBC94001F7E01 /* template_modifiers.h */; };
		C6181D0C19FCBD1F0088FBBC /* template_namelist.h in CopyFiles */ = {isa = PBXBuildFile; fileRef = C6D4FD8019FCBC94001F7E01 /* template_namelist.h */; };
		C6181D0D19FCBD1F0088FBBC /* template_pathops.h in CopyFiles */ = {isa = PBXBuildFile; fileRef = C6D4FD8119FCBC94001F7E01 /* template_pathops.h */; };
		C6181D0E19FCBD1F0088FBBC /* template_string.h in CopyFiles */ = {isa = PBXBuildFile; fileRef = C6D4FD8219FCBC94001F7E01 /* template_string.h */; };
		C6181D1019FCBD1F0088FBBC /* template_namelist.cc in Sources */ = {isa = PBXBuildFile; fileRef = C6D4FD5F19FCBA1F001F7E01 /* template_namelist.cc */; };
		C6181D1119FCBD1F0088FBBC /* jsparser.cc in Sources */ = {isa = PBXBuildFile; fileRef = C6D4FD6D19FCBA2E001F7E01 /* jsparser.cc */; };
		C6181D1219FCBD1F0088FBBC /* htmlparser.cc in Sources */ = {isa = PBXBuildFile; fileRef = C6D4FD6C19FCBA2E001F7E01 /* htmlparser.cc */; };
		C6181D1319FCBD1F0088FBBC /* template.cc in Sources */ = {isa = PBXBuildFile; fileRef = C6D4FD6219FCBA1F001F7E01 /* template.cc */; };
		C6181D1419FCBD1F0088FBBC /* template_pathops.cc in Sources */ = {isa = PBXBuildFile; fileRef = C6D4FD6019FCBA1F001F7E01 /* template_pathops.cc */; };
		C6181D1519FCBD1F0088FBBC /* template_modifiers.cc in Sources */ = {isa = PBXBuildFile; fileRef = C6D4FD5E19FCBA1F001F7E01 /* template_modifiers.cc */; };
		C6181D1619FCBD1F0088FBBC /* template_cache.cc in Sources */ = {isa = PBXBuildFile; fileRef = C6D4FD5C19FCBA1F001F7E01 /* template_cache.cc */; };
		C6181D1719FCBD1F0088FBBC /* template_dictionary.cc in Sources */ = {isa = PBXBuildFile; fileRef = C6D4FD5D19FCBA1F001F7E01 /* template_dictionary.cc */; };
		C6181D1819FCBD1F0088FBBC /* arena.cc in Sources */ = {isa = PBXBuildFile; fileRef = C6D4FD5719FCB9BF001F7E01 /* arena.cc */; };
		C6181D1919FCBD1F0088FBBC /* per_expand_data.cc in Sources */ = {isa = PBXBuildFile; fileRef = C6D4FD5A19FCBA1F001F7E01 /* per_expand_data.cc */; };
		C6181D1A19FCBD1F0088FBBC /* template_annotator.cc in Sources */ = {isa = PBXBuildFile; fileRef = C6D4FD5B19FCBA1F001F7E01 /* template_annotator.cc */; };
		C6181D1B19FCBD1F0088FBBC /* statemachine.cc in Sources */ = {isa = PBXBuildFile; fileRef = C6D4FD6E19FCBA2E001F7E01 /* statemachine.cc */; };
		C6181D1C19FCBD1F0088FBBC /* template_string.cc in Sources */ = {isa = PBXBuildFile; fileRef = C6D4FD6119FCBA1F001F7E01 /* template_string.cc */; };
		C6D4FD5819FCB9BF001F7E01 /* arena.cc in Sources */ = {isa = PBXBuildFile; fileRef = C6D4FD5719FCB9BF001F7E01 /* arena.cc */; };
		C6D4FD6319FCBA1F001F7E01 /* per_expand_data.cc in Sources */ = {isa = PBXBuildFile; fileRef = C6D4FD5A19FCBA1F001F7E01 /* per_expand_data.cc */; };
		C6D4FD6419FCBA1F001F7E01 /* template_annotator.cc in Sources */ = {isa = PBXBuildFile; fileRef = C6D4FD5B19FCBA1F001F7E01 /* template_annotator.cc */; };
		C6D4FD6519FCBA1F001F7E01 /* template_cache.cc in Sources */ = {isa = PBXBuildFile; fileRef = C6D4FD5C19FCBA1F001F7E01 /* template_cache.cc */; };
		C6D4FD6619FCBA1F001F7E01 /* template_dictionary.cc in Sources */ = {isa = PBXBuildFile; fileRef = C6D4FD5D19FCBA1F001F7E01 /* template_dictionary.cc */; };
		C6D4FD6719FCBA1F001F7E01 /* template_modifiers.cc in Sources */ = {isa = PBXBuildFile; fileRef = C6D4FD5E19FCBA1F001F7E01 /* template_modifiers.cc */; };
		C6D4FD6819FCBA1F001F7E01 /* template_namelist.cc in Sources */ = {isa = PBXBuildFile; fileRef = C6D4FD5F19FCBA1F001F7E01 /* template_namelist.cc */; };
		C6D4FD6919FCBA1F001F7E01 /* template_pathops.cc in Sources */ = {isa = PBXBuildFile; fileRef = C6D4FD6019FCBA1F001F7E01 /* template_pathops.cc */; };
		C6D4FD6A19FCBA1F001F7E01 /* template_string.cc in Sources */ = {isa = PBXBuildFile; fileRef = C6D4FD6119FCBA1F001F7E01 /* template_string.cc */; };
		C6D4FD6B19FCBA1F001F7E01 /* template.cc in Sources */ = {isa = PBXBuildFile; fileRef = C6D4FD6219FCBA1F001F7E01 /* template.cc */; };
		C6D4FD6F19FCBA2E001F7E01 /* htmlparser.cc in Sources */ = {isa = PBXBuildFile; fileRef = C6D4FD6C19FCBA2E001F7E01 /* htmlparser.cc */; };
		C6D4FD7019FCBA2E001F7E01 /* jsparser.cc in Sources */ = {isa = PBXBuildFile; fileRef = C6D4FD6D19FCBA2E001F7E01 /* jsparser.cc */; };
		C6D4FD7119FCBA2E001F7E01 /* statemachine.cc in Sources */ = {isa = PBXBuildFile; fileRef = C6D4FD6E19FCBA2E001F7E01 /* statemachine.cc */; };
/* End PBXBuildFile section */

/* Begin PBXCopyFilesBuildPhase section */
		C6181D0019FCBD1F0088FBBC /* CopyFiles */ = {
			isa = PBXCopyFilesBuildPhase;
			buildActionMask = 2147483647;
			dstPath = include/ctemplate;
			dstSubfolderSpec = 16;
			files = (
				C6181D0119FCBD1F0088FBBC /* find_ptr.h in CopyFiles */,
				C6181D0219FCBD1F0088FBBC /* per_expand_data.h in CopyFiles */,
				C6181D0319FCBD1F0088FBBC /* str_ref.h in CopyFiles */,
				C6181D0419FCBD1F0088FBBC /* template.h in CopyFiles */,
				C6181D0519FCBD1F0088FBBC /* template_annotator.h in CopyFiles */,
				C6181D0619FCBD1F0088FBBC /* template_cache.h in CopyFiles */,
				C6181D0719FCBD1F0088FBBC /* template_dictionary.h in CopyFiles */,
				C6181D0819FCBD1F0088FBBC /* template_dictionary_interface.h in CopyFiles */,
				C6181D0919FCBD1F0088FBBC /* template_emitter.h in CopyFiles */,
				C6181D0A19FCBD1F0088FBBC /* template_enums.h in CopyFiles */,
				C6181D0B19FCBD1F0088FBBC /* template_modifiers.h in CopyFiles */,
				C6181D0C19FCBD1F0088FBBC /* template_namelist.h in CopyFiles */,
				C6181D0D19FCBD1F0088FBBC /* template_pathops.h in CopyFiles */,
				C6181D0E19FCBD1F0088FBBC /* template_string.h in CopyFiles */,
			);
			runOnlyForDeploymentPostprocessing = 0;
		};
		C6D4FD9119FCBCA8001F7E01 /* CopyFiles */ = {
			isa = PBXCopyFilesBuildPhase;
			buildActionMask = 2147483647;
			dstPath = include/ctemplate;
			dstSubfolderSpec = 16;
			files = (
				C6181CF119FCBD0B0088FBBC /* find_ptr.h in CopyFiles */,
				C6181CF219FCBD0B0088FBBC /* per_expand_data.h in CopyFiles */,
				C6181CF319FCBD0B0088FBBC /* str_ref.h in CopyFiles */,
				C6181CF419FCBD0B0088FBBC /* template.h in CopyFiles */,
				C6181CF519FCBD0B0088FBBC /* template_annotator.h in CopyFiles */,
				C6181CF619FCBD0B0088FBBC /* template_cache.h in CopyFiles */,
				C6181CF719FCBD0B0088FBBC /* template_dictionary.h in CopyFiles */,
				C6181CF819FCBD0B0088FBBC /* template_dictionary_interface.h in CopyFiles */,
				C6181CF919FCBD0B0088FBBC /* template_emitter.h in CopyFiles */,
				C6181CFA19FCBD0B0088FBBC /* template_enums.h in CopyFiles */,
				C6181CFB19FCBD0B0088FBBC /* template_modifiers.h in CopyFiles */,
				C6181CFC19FCBD0B0088FBBC /* template_namelist.h in CopyFiles */,
				C6181CFD19FCBD0B0088FBBC /* template_pathops.h in CopyFiles */,
				C6181CFE19FCBD0B0088FBBC /* template_string.h in CopyFiles */,
			);
			runOnlyForDeploymentPostprocessing = 0;
		};
/* End PBXCopyFilesBuildPhase section */

/* Begin PBXFileReference section */
		C6181D2119FCBD1F0088FBBC /* libctemplate-ios.a */ = {isa = PBXFileReference; explicitFileType = archive.ar; includeInIndex = 0; path = "libctemplate-ios.a"; sourceTree = BUILT_PRODUCTS_DIR; };
		C6D4FD5019FCB952001F7E01 /* libctemplate.a */ = {isa = PBXFileReference; explicitFileType = archive.ar; includeInIndex = 0; path = libctemplate.a; sourceTree = BUILT_PRODUCTS_DIR; };
		C6D4FD5719FCB9BF001F7E01 /* arena.cc */ = {isa = PBXFileReference; fileEncoding = 4; lastKnownFileType = sourcecode.cpp.cpp; name = arena.cc; path = ../src/base/arena.cc; sourceTree = "<group>"; };
		C6D4FD5A19FCBA1F001F7E01 /* per_expand_data.cc */ = {isa = PBXFileReference; fileEncoding = 4; lastKnownFileType = sourcecode.cpp.cpp; path = per_expand_data.cc; sourceTree = "<group>"; };
		C6D4FD5B19FCBA1F001F7E01 /* template_annotator.cc */ = {isa = PBXFileReference; fileEncoding = 4; lastKnownFileType = sourcecode.cpp.cpp; path = template_annotator.cc; sourceTree = "<group>"; };
		C6D4FD5C19FCBA1F001F7E01 /* template_cache.cc */ = {isa = PBXFileReference; fileEncoding = 4; lastKnownFileType = sourcecode.cpp.cpp; path = template_cache.cc; sourceTree = "<group>"; };
		C6D4FD5D19FCBA1F001F7E01 /* template_dictionary.cc */ = {isa = PBXFileReference; fileEncoding = 4; lastKnownFileType = sourcecode.cpp.cpp; path = template_dictionary.cc; sourceTree = "<group>"; };
		C6D4FD5E19FCBA1F001F7E01 /* template_modifiers.cc */ = {isa = PBXFileReference; fileEncoding = 4; lastKnownFileType = sourcecode.cpp.cpp; path = template_modifiers.cc; sourceTree = "<group>"; };
		C6D4FD5F19FCBA1F001F7E01 /* template_namelist.cc */ = {isa = PBXFileReference; fileEncoding = 4; lastKnownFileType = sourcecode.cpp.cpp; path = template_namelist.cc; sourceTree = "<group>"; };
		C6D4FD6019FCBA1F001F7E01 /* template_pathops.cc */ = {isa = PBXFileReference; fileEncoding = 4; lastKnownFileType = sourcecode.cpp.cpp; path = template_pathops.cc; sourceTree = "<group>"; };
		C6D4FD6119FCBA1F001F7E01 /* template_string.cc */ = {isa = PBXFileReference; fileEncoding = 4; lastKnownFileType = sourcecode.cpp.cpp; path = template_string.cc; sourceTree = "<group>"; };
		C6D4FD6219FCBA1F001F7E01 /* template.cc */ = {isa = PBXFileReference; fileEncoding = 4; lastKnownFileType = sourcecode.cpp.cpp; path = template.cc; sourceTree = "<group>"; };
		C6D4FD6C19FCBA2E001F7E01 /* htmlparser.cc */ = {isa = PBXFileReference; fileEncoding = 4; lastKnownFileType = sourcecode.cpp.cpp; name = htmlparser.cc; path = htmlparser/htmlparser.cc; sourceTree = "<group>"; };
		C6D4FD6D19FCBA2E001F7E01 /* jsparser.cc */ = {isa = PBXFileReference; fileEncoding = 4; lastKnownFileType = sourcecode.cpp.cpp; name = jsparser.cc; path = htmlparser/jsparser.cc; sourceTree = "<group>"; };
		C6D4FD6E19FCBA2E001F7E01 /* statemachine.cc */ = {isa = PBXFileReference; fileEncoding = 4; lastKnownFileType = sourcecode.cpp.cpp; name = statemachine.cc; path = htmlparser/statemachine.cc; sourceTree = "<group>"; };
		C6D4FD7519FCBC94001F7E01 /* find_ptr.h */ = {isa = PBXFileReference; fileEncoding = 4; lastKnownFileType = sourcecode.c.h; path = find_ptr.h; sourceTree = "<group>"; };
		C6D4FD7619FCBC94001F7E01 /* per_expand_data.h */ = {isa = PBXFileReference; fileEncoding = 4; lastKnownFileType = sourcecode.c.h; path = per_expand_data.h; sourceTree = "<group>"; };
		C6D4FD7719FCBC94001F7E01 /* str_ref.h */ = {isa = PBXFileReference; fileEncoding = 4; lastKnownFileType = sourcecode.c.h; path = str_ref.h; sourceTree = "<group>"; };
		C6D4FD7819FCBC94001F7E01 /* template.h */ = {isa = PBXFileReference; fileEncoding = 4; lastKnownFileType = sourcecode.c.h; path = template.h; sourceTree = "<group>"; };
		C6D4FD7919FCBC94001F7E01 /* template_annotator.h */ = {isa = PBXFileReference; fileEncoding = 4; lastKnownFileType = sourcecode.c.h; path = template_annotator.h; sourceTree = "<group>"; };
		C6D4FD7A19FCBC94001F7E01 /* template_cache.h */ = {isa = PBXFileReference; fileEncoding = 4; lastKnownFileType = sourcecode.c.h; path = template_cache.h; sourceTree = "<group>"; };
		C6D4FD7B19FCBC94001F7E01 /* template_dictionary.h */ = {isa = PBXFileReference; fileEncoding = 4; lastKnownFileType = sourcecode.c.h; path = template_dictionary.h; sourceTree = "<group>"; };
		C6D4FD7C19FCBC94001F7E01 /* template_dictionary_interface.h */ = {isa = PBXFileReference; fileEncoding = 4; lastKnownFileType = sourcecode.c.h; path = template_dictionary_interface.h; sourceTree = "<group>"; };
		C6D4FD7D19FCBC94001F7E01 /* template_emitter.h */ = {isa = PBXFileReference; fileEncoding = 4; lastKnownFileType = sourcecode.c.h; path = template_emitter.h; sourceTree = "<group>"; };
		C6D4FD7E19FCBC94001F7E01 /* template_enums.h */ = {isa = PBXFileReference; fileEncoding = 4; lastKnownFileType = sourcecode.c.h; path = template_enums.h; sourceTree = "<group>"; };
		C6D4FD7F19FCBC94001F7E01 /* template_modifiers.h */ = {isa = PBXFileReference; fileEncoding = 4; lastKnownFileType = sourcecode.c.h; path = template_modifiers.h; sourceTree = "<group>"; };
		C6D4FD8019FCBC94001F7E01 /* template_namelist.h */ = {isa = PBXFileReference; fileEncoding = 4; lastKnownFileType = sourcecode.c.h; path = template_namelist.h; sourceTree = "<group>"; };
		C6D4FD8119FCBC94001F7E01 /* template_pathops.h */ = {isa = PBXFileReference; fileEncoding = 4; lastKnownFileType = sourcecode.c.h; path = template_pathops.h; sourceTree = "<group>"; };
		C6D4FD8219FCBC94001F7E01 /* template_string.h */ = {isa = PBXFileReference; fileEncoding = 4; lastKnownFileType = sourcecode.c.h; path = template_string.h; sourceTree = "<group>"; };
/* End PBXFileReference section */

/* Begin PBXFrameworksBuildPhase section */
		C6181D1D19FCBD1F0088FBBC /* Frameworks */ = {
			isa = PBXFrameworksBuildPhase;
			buildActionMask = 2147483647;
			files = (
			);
			runOnlyForDeploymentPostprocessing = 0;
		};
		C6D4FD4D19FCB952001F7E01 /* Frameworks */ = {
			isa = PBXFrameworksBuildPhase;
			buildActionMask = 2147483647;
			files = (
			);
			runOnlyForDeploymentPostprocessing = 0;
		};
/* End PBXFrameworksBuildPhase section */

/* Begin PBXGroup section */
		C6D4FD4719FCB952001F7E01 = {
			isa = PBXGroup;
			children = (
				C6D4FD7219FCBC7F001F7E01 /* include */,
				C6D4FD5919FCB9C5001F7E01 /* src */,
				C6D4FD5119FCB952001F7E01 /* Products */,
			);
			sourceTree = "<group>";
		};
		C6D4FD5119FCB952001F7E01 /* Products */ = {
			isa = PBXGroup;
			children = (
				C6D4FD5019FCB952001F7E01 /* libctemplate.a */,
				C6181D2119FCBD1F0088FBBC /* libctemplate-ios.a */,
			);
			name = Products;
			sourceTree = "<group>";
		};
		C6D4FD5919FCB9C5001F7E01 /* src */ = {
			isa = PBXGroup;
			children = (
				C6D4FD6C19FCBA2E001F7E01 /* htmlparser.cc */,
				C6D4FD6D19FCBA2E001F7E01 /* jsparser.cc */,
				C6D4FD6E19FCBA2E001F7E01 /* statemachine.cc */,
				C6D4FD5A19FCBA1F001F7E01 /* per_expand_data.cc */,
				C6D4FD5B19FCBA1F001F7E01 /* template_annotator.cc */,
				C6D4FD5C19FCBA1F001F7E01 /* template_cache.cc */,
				C6D4FD5D19FCBA1F001F7E01 /* template_dictionary.cc */,
				C6D4FD5E19FCBA1F001F7E01 /* template_modifiers.cc */,
				C6D4FD5F19FCBA1F001F7E01 /* template_namelist.cc */,
				C6D4FD6019FCBA1F001F7E01 /* template_pathops.cc */,
				C6D4FD6119FCBA1F001F7E01 /* template_string.cc */,
				C6D4FD6219FCBA1F001F7E01 /* template.cc */,
				C6D4FD5719FCB9BF001F7E01 /* arena.cc */,
			);
			name = src;
			path = ../src;
			sourceTree = "<group>";
		};
		C6D4FD7219FCBC7F001F7E01 /* include */ = {
			isa = PBXGroup;
			children = (
				C6D4FD7419FCBC94001F7E01 /* ctemplate */,
			);
			name = include;
			sourceTree = "<group>";
		};
		C6D4FD7419FCBC94001F7E01 /* ctemplate */ = {
			isa = PBXGroup;
			children = (
				C6D4FD7519FCBC94001F7E01 /* find_ptr.h */,
				C6D4FD7619FCBC94001F7E01 /* per_expand_data.h */,
				C6D4FD7719FCBC94001F7E01 /* str_ref.h */,
				C6D4FD7819FCBC94001F7E01 /* template.h */,
				C6D4FD7919FCBC94001F7E01 /* template_annotator.h */,
				C6D4FD7A19FCBC94001F7E01 /* template_cache.h */,
				C6D4FD7B19FCBC94001F7E01 /* template_dictionary.h */,
				C6D4FD7C19FCBC94001F7E01 /* template_dictionary_interface.h */,
				C6D4FD7D19FCBC94001F7E01 /* template_emitter.h */,
				C6D4FD7E19FCBC94001F7E01 /* template_enums.h */,
				C6D4FD7F19FCBC94001F7E01 /* template_modifiers.h */,
				C6D4FD8019FCBC94001F7E01 /* template_namelist.h */,
				C6D4FD8119FCBC94001F7E01 /* template_pathops.h */,
				C6D4FD8219FCBC94001F7E01 /* template_string.h */,
			);
			name = ctemplate;
			path = include/ctemplate;
			sourceTree = "<group>";
		};
/* End PBXGroup section */

/* Begin PBXNativeTarget section */
		C6181CFF19FCBD1F0088FBBC /* ctemplate-ios */ = {
			isa = PBXNativeTarget;
			buildConfigurationList = C6181D1E19FCBD1F0088FBBC /* Build configuration list for PBXNativeTarget "ctemplate-ios" */;
			buildPhases = (
				C6181D2319FCBE3F0088FBBC /* ShellScript */,
				C6181D0019FCBD1F0088FBBC /* CopyFiles */,
				C6181D0F19FCBD1F0088FBBC /* Sources */,
				C6181D1D19FCBD1F0088FBBC /* Frameworks */,
			);
			buildRules = (
			);
			dependencies = (
			);
			name = "ctemplate-ios";
			productName = ctemplate;
			productReference = C6181D2119FCBD1F0088FBBC /* libctemplate-ios.a */;
			productType = "com.apple.product-type.library.static";
		};
		C6D4FD4F19FCB952001F7E01 /* ctemplate */ = {
			isa = PBXNativeTarget;
			buildConfigurationList = C6D4FD5419FCB952001F7E01 /* Build configuration list for PBXNativeTarget "ctemplate" */;
			buildPhases = (
				C6181D2219FCBE280088FBBC /* ShellScript */,
				C6D4FD9119FCBCA8001F7E01 /* CopyFiles */,
				C6D4FD4C19FCB952001F7E01 /* Sources */,
				C6D4FD4D19FCB952001F7E01 /* Frameworks */,
			);
			buildRules = (
			);
			dependencies = (
			);
			name = ctemplate;
			productName = ctemplate;
			productReference = C6D4FD5019FCB952001F7E01 /* libctemplate.a */;
			productType = "com.apple.product-type.library.static";
		};
/* End PBXNativeTarget section */

/* Begin PBXProject section */
		C6D4FD4819FCB952001F7E01 /* Project object */ = {
			isa = PBXProject;
			attributes = {
				LastUpgradeCheck = 0600;
				ORGANIZATIONNAME = "Hoa V. DINH";
				TargetAttributes = {
					C6D4FD4F19FCB952001F7E01 = {
						CreatedOnToolsVersion = 6.0;
					};
				};
			};
			buildConfigurationList = C6D4FD4B19FCB952001F7E01 /* Build configuration list for PBXProject "ctemplate" */;
			compatibilityVersion = "Xcode 3.2";
			developmentRegion = English;
			hasScannedForEncodings = 0;
			knownRegions = (
				en,
			);
			mainGroup = C6D4FD4719FCB952001F7E01;
			productRefGroup = C6D4FD5119FCB952001F7E01 /* Products */;
			projectDirPath = "";
			projectRoot = "";
			targets = (
				C6D4FD4F19FCB952001F7E01 /* ctemplate */,
				C6181CFF19FCBD1F0088FBBC /* ctemplate-ios */,
			);
		};
/* End PBXProject section */

/* Begin PBXShellScriptBuildPhase section */
		C6181D2219FCBE280088FBBC /* ShellScript */ = {
			isa = PBXShellScriptBuildPhase;
			buildActionMask = 2147483647;
			files = (
			);
			inputPaths = (
			);
			outputPaths = (
			);
			runOnlyForDeploymentPostprocessing = 0;
			shellPath = /bin/sh;
			shellScript = "if test ! -f include/ctemplate/template.h; then\n  tar xvf configure-result.tar.gz\nfi\n";
			showEnvVarsInLog = 0;
		};
		C6181D2319FCBE3F0088FBBC /* ShellScript */ = {
			isa = PBXShellScriptBuildPhase;
			buildActionMask = 2147483647;
			files = (
			);
			inputPaths = (
			);
			outputPaths = (
			);
			runOnlyForDeploymentPostprocessing = 0;
			shellPath = /bin/sh;
			shellScript = "if test ! -f include/ctemplate/template.h; then\n  tar xvf configure-result.tar.gz\nfi\n";
			showEnvVarsInLog = 0;
		};
/* End PBXShellScriptBuildPhase section */

/* Begin PBXSourcesBuildPhase section */
		C6181D0F19FCBD1F0088FBBC /* Sources */ = {
			isa = PBXSourcesBuildPhase;
			buildActionMask = 2147483647;
			files = (
				C6181D1019FCBD1F0088FBBC /* template_namelist.cc in Sources */,
				C6181D1119FCBD1F0088FBBC /* jsparser.cc in Sources */,
				C6181D1219FCBD1F0088FBBC /* htmlparser.cc in Sources */,
				C6181D1319FCBD1F0088FBBC /* template.cc in Sources */,
				C6181D1419FCBD1F0088FBBC /* template_pathops.cc in Sources */,
				C6181D1519FCBD1F0088FBBC /* template_modifiers.cc in Sources */,
				C6181D1619FCBD1F0088FBBC /* template_cache.cc in Sources */,
				C6181D1719FCBD1F0088FBBC /* template_dictionary.cc in Sources */,
				C6181D1819FCBD1F0088FBBC /* arena.cc in Sources */,
				C6181D1919FCBD1F0088FBBC /* per_expand_data.cc in Sources */,
				C6181D1A19FCBD1F0088FBBC /* template_annotator.cc in Sources */,
				C6181D1B19FCBD1F0088FBBC /* statemachine.cc in Sources */,
				C6181D1C19FCBD1F0088FBBC /* template_string.cc in Sources */,
			);
			runOnlyForDeploymentPostprocessing = 0;
		};
		C6D4FD4C19FCB952001F7E01 /* Sources */ = {
			isa = PBXSourcesBuildPhase;
			buildActionMask = 2147483647;
			files = (
				C6D4FD6819FCBA1F001F7E01 /* template_namelist.cc in Sources */,
				C6D4FD7019FCBA2E001F7E01 /* jsparser.cc in Sources */,
				C6D4FD6F19FCBA2E001F7E01 /* htmlparser.cc in Sources */,
				C6D4FD6B19FCBA1F001F7E01 /* template.cc in Sources */,
				C6D4FD6919FCBA1F001F7E01 /* template_pathops.cc in Sources */,
				C6D4FD6719FCBA1F001F7E01 /* template_modifiers.cc in Sources */,
				C6D4FD6519FCBA1F001F7E01 /* template_cache.cc in Sources */,
				C6D4FD6619FCBA1F001F7E01 /* template_dictionary.cc in Sources */,
				C6D4FD5819FCB9BF001F7E01 /* arena.cc in Sources */,
				C6D4FD6319FCBA1F001F7E01 /* per_expand_data.cc in Sources */,
				C6D4FD6419FCBA1F001F7E01 /* template_annotator.cc in Sources */,
				C6D4FD7119FCBA2E001F7E01 /* statemachine.cc in Sources */,
				C6D4FD6A19FCBA1F001F7E01 /* template_string.cc in Sources */,
			);
			runOnlyForDeploymentPostprocessing = 0;
		};
/* End PBXSourcesBuildPhase section */

/* Begin XCBuildConfiguration section */
		C6181D1F19FCBD1F0088FBBC /* Debug */ = {
			isa = XCBuildConfiguration;
			buildSettings = {
				EXECUTABLE_PREFIX = lib;
				IPHONEOS_DEPLOYMENT_TARGET = 8.0;
				PRODUCT_NAME = "ctemplate-ios";
				SDKROOT = iphoneos;
			};
			name = Debug;
		};
		C6181D2019FCBD1F0088FBBC /* Release */ = {
			isa = XCBuildConfiguration;
			buildSettings = {
				EXECUTABLE_PREFIX = lib;
				IPHONEOS_DEPLOYMENT_TARGET = 8.0;
				PRODUCT_NAME = "ctemplate-ios";
				SDKROOT = iphoneos;
			};
			name = Release;
		};
		C6D4FD5219FCB952001F7E01 /* Debug */ = {
			isa = XCBuildConfiguration;
			buildSettings = {
				ALWAYS_SEARCH_USER_PATHS = NO;
				CLANG_CXX_LANGUAGE_STANDARD = "gnu++0x";
				CLANG_CXX_LIBRARY = "libc++";
				CLANG_ENABLE_MODULES = YES;
				CLANG_ENABLE_OBJC_ARC = YES;
				CLANG_WARN_BOOL_CONVERSION = YES;
				CLANG_WARN_CONSTANT_CONVERSION = YES;
				CLANG_WARN_DIRECT_OBJC_ISA_USAGE = YES_ERROR;
				CLANG_WARN_EMPTY_BODY = YES;
				CLANG_WARN_ENUM_CONVERSION = YES;
				CLANG_WARN_INT_CONVERSION = YES;
				CLANG_WARN_OBJC_ROOT_CLASS = YES_ERROR;
				CLANG_WARN_UNREACHABLE_CODE = YES;
				CLANG_WARN__DUPLICATE_METHOD_MATCH = YES;
				COPY_PHASE_STRIP = NO;
				ENABLE_STRICT_OBJC_MSGSEND = YES;
				GCC_C_LANGUAGE_STANDARD = gnu99;
				GCC_DYNAMIC_NO_PIC = NO;
				GCC_OPTIMIZATION_LEVEL = 0;
				GCC_PREPROCESSOR_DEFINITIONS = (
					"DEBUG=1",
					"$(inherited)",
				);
				GCC_SYMBOLS_PRIVATE_EXTERN = NO;
				GCC_WARN_64_TO_32_BIT_CONVERSION = YES;
				GCC_WARN_ABOUT_RETURN_TYPE = YES_ERROR;
				GCC_WARN_UNDECLARED_SELECTOR = YES;
				GCC_WARN_UNINITIALIZED_AUTOS = YES_AGGRESSIVE;
				GCC_WARN_UNUSED_FUNCTION = YES;
				GCC_WARN_UNUSED_VARIABLE = YES;
				HEADER_SEARCH_PATHS = (
					"$(inherited)",
					"$(SRCROOT)/../src",
					"$(SRCROOT)/include",
				);
				MTL_ENABLE_DEBUG_INFO = YES;
				ONLY_ACTIVE_ARCH = YES;
			};
			name = Debug;
		};
		C6D4FD5319FCB952001F7E01 /* Release */ = {
			isa = XCBuildConfiguration;
			buildSettings = {
				ALWAYS_SEARCH_USER_PATHS = NO;
				CLANG_CXX_LANGUAGE_STANDARD = "gnu++0x";
				CLANG_CXX_LIBRARY = "libc++";
				CLANG_ENABLE_MODULES = YES;
				CLANG_ENABLE_OBJC_ARC = YES;
				CLANG_WARN_BOOL_CONVERSION = YES;
				CLANG_WARN_CONSTANT_CONVERSION = YES;
				CLANG_WARN_DIRECT_OBJC_ISA_USAGE = YES_ERROR;
				CLANG_WARN_EMPTY_BODY = YES;
				CLANG_WARN_ENUM_CONVERSION = YES;
				CLANG_WARN_INT_CONVERSION = YES;
				CLANG_WARN_OBJC_ROOT_CLASS = YES_ERROR;
				CLANG_WARN_UNREACHABLE_CODE = YES;
				CLANG_WARN__DUPLICATE_METHOD_MATCH = YES;
				COPY_PHASE_STRIP = YES;
				DEBUG_INFORMATION_FORMAT = "dwarf-with-dsym";
				ENABLE_NS_ASSERTIONS = NO;
				ENABLE_STRICT_OBJC_MSGSEND = YES;
				GCC_C_LANGUAGE_STANDARD = gnu99;
				GCC_WARN_64_TO_32_BIT_CONVERSION = YES;
				GCC_WARN_ABOUT_RETURN_TYPE = YES_ERROR;
				GCC_WARN_UNDECLARED_SELECTOR = YES;
				GCC_WARN_UNINITIALIZED_AUTOS = YES_AGGRESSIVE;
				GCC_WARN_UNUSED_FUNCTION = YES;
				GCC_WARN_UNUSED_VARIABLE = YES;
				HEADER_SEARCH_PATHS = (
					"$(inherited)",
					"$(SRCROOT)/../src",
					"$(SRCROOT)/include",
				);
				MTL_ENABLE_DEBUG_INFO = NO;
			};
			name = Release;
		};
		C6D4FD5519FCB952001F7E01 /* Debug */ = {
			isa = XCBuildConfiguration;
			buildSettings = {
				EXECUTABLE_PREFIX = lib;
				MACOSX_DEPLOYMENT_TARGET = 10.8;
				PRODUCT_NAME = "$(TARGET_NAME)";
				SDKROOT = macosx;
			};
			name = Debug;
		};
		C6D4FD5619FCB952001F7E01 /* Release */ = {
			isa = XCBuildConfiguration;
			buildSettings = {
				EXECUTABLE_PREFIX = lib;
				MACOSX_DEPLOYMENT_TARGET = 10.8;
				PRODUCT_NAME = "$(TARGET_NAME)";
				SDKROOT = macosx;
			};
			name = Release;
		};
/* End XCBuildConfiguration section */

/* Begin XCConfigurationList section */
		C6181D1E19FCBD1F0088FBBC /* Build configuration list for PBXNativeTarget "ctemplate-ios" */ = {
			isa = XCConfigurationList;
			buildConfigurations = (
				C6181D1F19FCBD1F0088FBBC /* Debug */,
				C6181D2019FCBD1F0088FBBC /* Release */,
			);
			defaultConfigurationIsVisible = 0;
			defaultConfigurationName = Release;
		};
		C6D4FD4B19FCB952001F7E01 /* Build configuration list for PBXProject "ctemplate" */ = {
			isa = XCConfigurationList;
			buildConfigurations = (
				C6D4FD5219FCB952001F7E01 /* Debug */,
				C6D4FD5319FCB952001F7E01 /* Release */,
			);
			defaultConfigurationIsVisible = 0;
			defaultConfigurationName = Release;
		};
		C6D4FD5419FCB952001F7E01 /* Build configuration list for PBXNativeTarget "ctemplate" */ = {
			isa = XCConfigurationList;
			buildConfigurations = (
				C6D4FD5519FCB952001F7E01 /* Debug */,
				C6D4FD5619FCB952001F7E01 /* Release */,
			);
			defaultConfigurationIsVisible = 0;
			defaultConfigurationName = Release;
		};
/* End XCConfigurationList section */
	};
	rootObject = C6D4FD4819FCB952001F7E01 /* Project object */;
}
